
Microsoft Visual Studio Solution File, Format Version 12.00
# Visual Studio Version 16
VisualStudioVersion = 16.0.29709.97
MinimumVisualStudioVersion = 10.0.40219.1
Project("{FAE04EC0-301F-11D3-BF4B-00C04F79EFBC}") = "CosmosHashedTokenSig", "CosmosHashedTokenSig.csproj", "{8FAEDAA6-8A0A-4414-B9D6-91A30610F9F3}"
EndProject
Global
	GlobalSection(SolutionConfigurationPlatforms) = preSolution
		Debug|Any CPU = Debug|Any CPU
		Release|Any CPU = Release|Any CPU
	EndGlobalSection
	GlobalSection(ProjectConfigurationPlatforms) = postSolution
		{8FAEDAA6-8A0A-4414-B9D6-91A30610F9F3}.Debug|Any CPU.ActiveCfg = Debug|Any CPU
		{8FAEDAA6-8A0A-4414-B9D6-91A30610F9F3}.Debug|Any CPU.Build.0 = Debug|Any CPU
		{8FAEDAA6-8A0A-4414-B9D6-91A30610F9F3}.Release|Any CPU.ActiveCfg = Release|Any CPU
		{8FAEDAA6-8A0A-4414-B9D6-91A30610F9F3}.Release|Any CPU.Build.0 = Release|Any CPU
	EndGlobalSection
	GlobalSection(SolutionProperties) = preSolution
		HideSolutionNode = FALSE
	EndGlobalSection
	GlobalSection(ExtensibilityGlobals) = postSolution
		SolutionGuid = {BF4553BD-405A-492C-8742-A7DBEBAB0EEA}
	EndGlobalSection
EndGlobal
